
Microsoft Visual Studio Solution File, Format Version 12.00
# Visual Studio Version 16
VisualStudioVersion = 16.0.33801.447
MinimumVisualStudioVersion = 10.0.40219.1
Project("{FAE04EC0-301F-11D3-BF4B-00C04F79EFBC}") = "Wyzwanie_wyklad 94", "Wyzwanie_wyklad 94\Wyzwanie_wyklad 94.csproj", "{DA6E2ACC-A8CB-4660-9A6F-59FA9B58EDD0}"
EndProject
Global
	GlobalSection(SolutionConfigurationPlatforms) = preSolution
		Debug|Any CPU = Debug|Any CPU
		Release|Any CPU = Release|Any CPU
	EndGlobalSection
	GlobalSection(ProjectConfigurationPlatforms) = postSolution
		{DA6E2ACC-A8CB-4660-9A6F-59FA9B58EDD0}.Debug|Any CPU.ActiveCfg = Debug|Any CPU
		{DA6E2ACC-A8CB-4660-9A6F-59FA9B58EDD0}.Debug|Any CPU.Build.0 = Debug|Any CPU
		{DA6E2ACC-A8CB-4660-9A6F-59FA9B58EDD0}.Release|Any CPU.ActiveCfg = Release|Any CPU
		{DA6E2ACC-A8CB-4660-9A6F-59FA9B58EDD0}.Release|Any CPU.Build.0 = Release|Any CPU
	EndGlobalSection
	GlobalSection(SolutionProperties) = preSolution
		HideSolutionNode = FALSE
	EndGlobalSection
	GlobalSection(ExtensibilityGlobals) = postSolution
		SolutionGuid = {43509819-3B68-4838-83D4-CE1073C08E08}
	EndGlobalSection
EndGlobal
